
Microsoft Visual Studio Solution File, Format Version 12.00
# Visual Studio 2012
Project("{FAE04EC0-301F-11D3-BF4B-00C04F79EFBC}") = "SoftwarePatterns", "SoftwarePatterns\SoftwarePatterns.csproj", "{B25C2F94-8C82-431C-8D20-9B17276FA0AA}"
EndProject
Global
	GlobalSection(SolutionConfigurationPlatforms) = preSolution
		Debug|Any CPU = Debug|Any CPU
		Release|Any CPU = Release|Any CPU
	EndGlobalSection
	GlobalSection(ProjectConfigurationPlatforms) = postSolution
		{B25C2F94-8C82-431C-8D20-9B17276FA0AA}.Debug|Any CPU.ActiveCfg = Debug|Any CPU
		{B25C2F94-8C82-431C-8D20-9B17276FA0AA}.Debug|Any CPU.Build.0 = Debug|Any CPU
		{B25C2F94-8C82-431C-8D20-9B17276FA0AA}.Release|Any CPU.ActiveCfg = Release|Any CPU
		{B25C2F94-8C82-431C-8D20-9B17276FA0AA}.Release|Any CPU.Build.0 = Release|Any CPU
	EndGlobalSection
	GlobalSection(SolutionProperties) = preSolution
		HideSolutionNode = FALSE
	EndGlobalSection
EndGlobal
